
Microsoft Visual Studio Solution File, Format Version 12.00
# Visual Studio Version 16
VisualStudioVersion = 16.0.32510.428
MinimumVisualStudioVersion = 10.0.40219.1
Project("{FAE04EC0-301F-11D3-BF4B-00C04F79EFBC}") = "WebApiDemo", "WebApiDemo\WebApiDemo.csproj", "{30EF0624-2012-47EA-9887-1F0CF8342AAA}"
EndProject
Project("{FAE04EC0-301F-11D3-BF4B-00C04F79EFBC}") = "BookStoreData", "BookStoreData\BookStoreData.csproj", "{B01971B1-5553-42B4-9006-7A236409AE72}"
EndProject
Global
	GlobalSection(SolutionConfigurationPlatforms) = preSolution
		Debug|Any CPU = Debug|Any CPU
		Release|Any CPU = Release|Any CPU
	EndGlobalSection
	GlobalSection(ProjectConfigurationPlatforms) = postSolution
		{30EF0624-2012-47EA-9887-1F0CF8342AAA}.Debug|Any CPU.ActiveCfg = Debug|Any CPU
		{30EF0624-2012-47EA-9887-1F0CF8342AAA}.Debug|Any CPU.Build.0 = Debug|Any CPU
		{30EF0624-2012-47EA-9887-1F0CF8342AAA}.Release|Any CPU.ActiveCfg = Release|Any CPU
		{30EF0624-2012-47EA-9887-1F0CF8342AAA}.Release|Any CPU.Build.0 = Release|Any CPU
		{B01971B1-5553-42B4-9006-7A236409AE72}.Debug|Any CPU.ActiveCfg = Debug|Any CPU
		{B01971B1-5553-42B4-9006-7A236409AE72}.Debug|Any CPU.Build.0 = Debug|Any CPU
		{B01971B1-5553-42B4-9006-7A236409AE72}.Release|Any CPU.ActiveCfg = Release|Any CPU
		{B01971B1-5553-42B4-9006-7A236409AE72}.Release|Any CPU.Build.0 = Release|Any CPU
	EndGlobalSection
	GlobalSection(SolutionProperties) = preSolution
		HideSolutionNode = FALSE
	EndGlobalSection
	GlobalSection(ExtensibilityGlobals) = postSolution
		SolutionGuid = {A77906FD-3731-4DC7-A351-739422A09142}
	EndGlobalSection
EndGlobal
